
Microsoft Visual Studio Solution File, Format Version 11.00
# Visual Studio 2010
Project("{8BC9CEB8-8B4A-11D0-8D11-00A0C91BC942}") = "Option9", "Option9\Option9.vcxproj", "{639EEEBE-F3CD-4403-B84A-7800C4E75823}"
EndProject
Global
	GlobalSection(SolutionConfigurationPlatforms) = preSolution
		Debug|Win32 = Debug|Win32
		Release|Win32 = Release|Win32
	EndGlobalSection
	GlobalSection(ProjectConfigurationPlatforms) = postSolution
		{639EEEBE-F3CD-4403-B84A-7800C4E75823}.Debug|Win32.ActiveCfg = Debug|Win32
		{639EEEBE-F3CD-4403-B84A-7800C4E75823}.Debug|Win32.Build.0 = Debug|Win32
		{639EEEBE-F3CD-4403-B84A-7800C4E75823}.Release|Win32.ActiveCfg = Release|Win32
		{639EEEBE-F3CD-4403-B84A-7800C4E75823}.Release|Win32.Build.0 = Release|Win32
	EndGlobalSection
	GlobalSection(SolutionProperties) = preSolution
		HideSolutionNode = FALSE
	EndGlobalSection
EndGlobal
